<?xml version="1.0" encoding="UTF-8" standalone="yes" ?>
<CodeBlocks_project_file>
	<FileVersion major="1" minor="6" />
	<Project>
		<Option title="finance application" />
		<Option pch_mode="2" />
		<Option compiler="gcc" />
		<Build>
			<Target title="Debug">
				<Option output="bin/Debug/finance application" prefix_auto="1" extension_auto="1" />
				<Option object_output="obj/Debug/" />
				<Option type="1" />
				<Option compiler="gcc" />
				<Compiler>
					<Add option="-g" />
					<Add directory="./" />
				</Compiler>
			</Target>
			<Target title="Release">
				<Option output="bin/Release/finance application" prefix_auto="1" extension_auto="1" />
				<Option object_output="obj/Release/" />
				<Option type="1" />
				<Option compiler="gcc" />
				<Compiler>
					<Add option="-O2" />
					<Add directory="./" />
				</Compiler>
				<Linker>
					<Add option="-s" />
				</Linker>
			</Target>
		</Build>
		<Compiler>
			<Add option="-Wall" />
			<Add option="-fexceptions" />
		</Compiler>
		<Unit filename="DateManager.cpp" />
		<Unit filename="DateManager.h" />
		<Unit filename="DatesAndFinances.cpp" />
		<Unit filename="DatesAndFinances.h" />
		<Unit filename="Expanses.cpp" />
		<Unit filename="Expanses.h" />
		<Unit filename="ExpansesFile.cpp" />
		<Unit filename="ExpansesFile.h" />
		<Unit filename="ExpansesManager.cpp" />
		<Unit filename="ExpansesManager.h" />
		<Unit filename="FinancePlanningAplication.cpp" />
		<Unit filename="FinancePlanningAplication.h" />
		<Unit filename="Incomes.cpp" />
		<Unit filename="Incomes.h" />
		<Unit filename="IncomesFiles.cpp" />
		<Unit filename="IncomesFiles.h" />
		<Unit filename="IncomesManager.cpp" />
		<Unit filename="IncomesManager.h" />
		<Unit filename="Markup.cpp" />
		<Unit filename="Markup.h" />
		<Unit filename="SupportMethods.cpp" />
		<Unit filename="SupportMethods.h" />
		<Unit filename="User.cpp" />
		<Unit filename="User.h" />
		<Unit filename="UserFile.cpp" />
		<Unit filename="UserFile.h" />
		<Unit filename="UserMenager.cpp" />
		<Unit filename="UserMenager.h" />
		<Unit filename="main.cpp" />
		<Extensions>
			<lib_finder disable_auto="1" />
		</Extensions>
	</Project>
</CodeBlocks_project_file>
